Microsoft Visual Studio Solution File, Format Version 12.00
# Visual Studio Version 16
VisualStudioVersion = 16.0.30330.147
MinimumVisualStudioVersion = 10.0.40219.1
Project("{FAE04EC0-301F-11D3-BF4B-00C04F79EFBC}") = "CardmastersOfTamriel.Models", "CardmastersOfTamriel.Models\CardmastersOfTamriel.Models.csproj", "{9761059A-9164-485E-828C-DED957F8BA21}"
EndProject
Project("{FAE04EC0-301F-11D3-BF4B-00C04F79EFBC}") = "CardmastersOfTamriel.SynthesisPatcher", "CardmastersOfTamriel.SynthesisPatcher\CardmastersOfTamriel.SynthesisPatcher.csproj", "{8C604666-0C27-405E-AC15-1E4DEDFE342D}"
EndProject
Project("{FAE04EC0-301F-11D3-BF4B-00C04F79EFBC}") = "CardmastersOfTamriel.Utilities", "CardmastersOfTamriel.Utilities\CardmastersOfTamriel.Utilities.csproj", "{4782C092-4A16-419E-A0D8-BC55004F4488}"
EndProject
Project("{FAE04EC0-301F-11D3-BF4B-00C04F79EFBC}") = "CardmastersOfTamriel.ImageProcessor", "CardmastersOfTamriel.ImageProcessor\CardmastersOfTamriel.ImageProcessor.csproj", "{CA3D17B3-1DAE-4DAF-BA72-B8FCC8CD4AA9}"
EndProject
Global
	GlobalSection(SolutionConfigurationPlatforms) = preSolution
		Debug|Any CPU = Debug|Any CPU
		Debug|x64 = Debug|x64
		Debug|x86 = Debug|x86
		Release|Any CPU = Release|Any CPU
		Release|x64 = Release|x64
		Release|x86 = Release|x86
	EndGlobalSection
	GlobalSection(ProjectConfigurationPlatforms) = postSolution
		{9761059A-9164-485E-828C-DED957F8BA21}.Debug|Any CPU.ActiveCfg = Debug|Any CPU
		{9761059A-9164-485E-828C-DED957F8BA21}.Debug|Any CPU.Build.0 = Debug|Any CPU
		{9761059A-9164-485E-828C-DED957F8BA21}.Debug|x64.ActiveCfg = Debug|Any CPU
		{9761059A-9164-485E-828C-DED957F8BA21}.Debug|x64.Build.0 = Debug|Any CPU
		{9761059A-9164-485E-828C-DED957F8BA21}.Debug|x86.ActiveCfg = Debug|Any CPU
		{9761059A-9164-485E-828C-DED957F8BA21}.Debug|x86.Build.0 = Debug|Any CPU
		{9761059A-9164-485E-828C-DED957F8BA21}.Release|Any CPU.ActiveCfg = Release|Any CPU
		{9761059A-9164-485E-828C-DED957F8BA21}.Release|Any CPU.Build.0 = Release|Any CPU
		{9761059A-9164-485E-828C-DED957F8BA21}.Release|x64.ActiveCfg = Release|Any CPU
		{9761059A-9164-485E-828C-DED957F8BA21}.Release|x64.Build.0 = Release|Any CPU
		{9761059A-9164-485E-828C-DED957F8BA21}.Release|x86.ActiveCfg = Release|Any CPU
		{9761059A-9164-485E-828C-DED957F8BA21}.Release|x86.Build.0 = Release|Any CPU
		{8C604666-0C27-405E-AC15-1E4DEDFE342D}.Debug|Any CPU.ActiveCfg = Debug|Any CPU
		{8C604666-0C27-405E-AC15-1E4DEDFE342D}.Debug|Any CPU.Build.0 = Debug|Any CPU
		{8C604666-0C27-405E-AC15-1E4DEDFE342D}.Debug|x64.ActiveCfg = Debug|Any CPU
		{8C604666-0C27-405E-AC15-1E4DEDFE342D}.Debug|x64.Build.0 = Debug|Any CPU
		{8C604666-0C27-405E-AC15-1E4DEDFE342D}.Debug|x86.ActiveCfg = Debug|Any CPU
		{8C604666-0C27-405E-AC15-1E4DEDFE342D}.Debug|x86.Build.0 = Debug|Any CPU
		{8C604666-0C27-405E-AC15-1E4DEDFE342D}.Release|Any CPU.ActiveCfg = Release|Any CPU
		{8C604666-0C27-405E-AC15-1E4DEDFE342D}.Release|Any CPU.Build.0 = Release|Any CPU
		{8C604666-0C27-405E-AC15-1E4DEDFE342D}.Release|x64.ActiveCfg = Release|Any CPU
		{8C604666-0C27-405E-AC15-1E4DEDFE342D}.Release|x64.Build.0 = Release|Any CPU
		{8C604666-0C27-405E-AC15-1E4DEDFE342D}.Release|x86.ActiveCfg = Release|Any CPU
		{8C604666-0C27-405E-AC15-1E4DEDFE342D}.Release|x86.Build.0 = Release|Any CPU
		{4782C092-4A16-419E-A0D8-BC55004F4488}.Debug|Any CPU.ActiveCfg = Debug|Any CPU
		{4782C092-4A16-419E-A0D8-BC55004F4488}.Debug|Any CPU.Build.0 = Debug|Any CPU
		{4782C092-4A16-419E-A0D8-BC55004F4488}.Debug|x64.ActiveCfg = Debug|Any CPU
		{4782C092-4A16-419E-A0D8-BC55004F4488}.Debug|x64.Build.0 = Debug|Any CPU
		{4782C092-4A16-419E-A0D8-BC55004F4488}.Debug|x86.ActiveCfg = Debug|Any CPU
		{4782C092-4A16-419E-A0D8-BC55004F4488}.Debug|x86.Build.0 = Debug|Any CPU
		{4782C092-4A16-419E-A0D8-BC55004F4488}.Release|Any CPU.ActiveCfg = Release|Any CPU
		{4782C092-4A16-419E-A0D8-BC55004F4488}.Release|Any CPU.Build.0 = Release|Any CPU
		{4782C092-4A16-419E-A0D8-BC55004F4488}.Release|x64.ActiveCfg = Release|Any CPU
		{4782C092-4A16-419E-A0D8-BC55004F4488}.Release|x64.Build.0 = Release|Any CPU
		{4782C092-4A16-419E-A0D8-BC55004F4488}.Release|x86.ActiveCfg = Release|Any CPU
		{4782C092-4A16-419E-A0D8-BC55004F4488}.Release|x86.Build.0 = Release|Any CPU
		{CA3D17B3-1DAE-4DAF-BA72-B8FCC8CD4AA9}.Debug|Any CPU.ActiveCfg = Debug|Any CPU
		{CA3D17B3-1DAE-4DAF-BA72-B8FCC8CD4AA9}.Debug|Any CPU.Build.0 = Debug|Any CPU
		{CA3D17B3-1DAE-4DAF-BA72-B8FCC8CD4AA9}.Debug|x64.ActiveCfg = Debug|Any CPU
		{CA3D17B3-1DAE-4DAF-BA72-B8FCC8CD4AA9}.Debug|x64.Build.0 = Debug|Any CPU
		{CA3D17B3-1DAE-4DAF-BA72-B8FCC8CD4AA9}.Debug|x86.ActiveCfg = Debug|Any CPU
		{CA3D17B3-1DAE-4DAF-BA72-B8FCC8CD4AA9}.Debug|x86.Build.0 = Debug|Any CPU
		{CA3D17B3-1DAE-4DAF-BA72-B8FCC8CD4AA9}.Release|Any CPU.ActiveCfg = Release|Any CPU
		{CA3D17B3-1DAE-4DAF-BA72-B8FCC8CD4AA9}.Release|Any CPU.Build.0 = Release|Any CPU
		{CA3D17B3-1DAE-4DAF-BA72-B8FCC8CD4AA9}.Release|x64.ActiveCfg = Release|Any CPU
		{CA3D17B3-1DAE-4DAF-BA72-B8FCC8CD4AA9}.Release|x64.Build.0 = Release|Any CPU
		{CA3D17B3-1DAE-4DAF-BA72-B8FCC8CD4AA9}.Release|x86.ActiveCfg = Release|Any CPU
		{CA3D17B3-1DAE-4DAF-BA72-B8FCC8CD4AA9}.Release|x86.Build.0 = Release|Any CPU
		{DD826E00-E0C9-4D4D-9CD8-ACCEB58946AF}.Debug|Any CPU.ActiveCfg = Debug|Any CPU
		{DD826E00-E0C9-4D4D-9CD8-ACCEB58946AF}.Debug|Any CPU.Build.0 = Debug|Any CPU
		{DD826E00-E0C9-4D4D-9CD8-ACCEB58946AF}.Debug|x64.ActiveCfg = Debug|Any CPU
		{DD826E00-E0C9-4D4D-9CD8-ACCEB58946AF}.Debug|x64.Build.0 = Debug|Any CPU
		{DD826E00-E0C9-4D4D-9CD8-ACCEB58946AF}.Debug|x86.ActiveCfg = Debug|Any CPU
		{DD826E00-E0C9-4D4D-9CD8-ACCEB58946AF}.Debug|x86.Build.0 = Debug|Any CPU
		{DD826E00-E0C9-4D4D-9CD8-ACCEB58946AF}.Release|Any CPU.ActiveCfg = Release|Any CPU
		{DD826E00-E0C9-4D4D-9CD8-ACCEB58946AF}.Release|Any CPU.Build.0 = Release|Any CPU
		{DD826E00-E0C9-4D4D-9CD8-ACCEB58946AF}.Release|x64.ActiveCfg = Release|Any CPU
		{DD826E00-E0C9-4D4D-9CD8-ACCEB58946AF}.Release|x64.Build.0 = Release|Any CPU
		{DD826E00-E0C9-4D4D-9CD8-ACCEB58946AF}.Release|x86.ActiveCfg = Release|Any CPU
		{DD826E00-E0C9-4D4D-9CD8-ACCEB58946AF}.Release|x86.Build.0 = Release|Any CPU
		{8BA2E1B7-DD65-42B6-A780-17E4037A3C1B}.Debug|Any CPU.ActiveCfg = Debug|Any CPU
		{8BA2E1B7-DD65-42B6-A780-17E4037A3C1B}.Debug|Any CPU.Build.0 = Debug|Any CPU
	EndGlobalSection
EndGlobal
Project("{9A19103F-16F7-4668-BE54-9A1E7A4F7556}") = "CardmastersOfTheStars.SynthesisPatcher", "CardmastersOfTheStars.SynthesisPatcher\CardmastersOfTheStars.SynthesisPatcher.csproj", "{8BA2E1B7-DD65-42B6-A780-17E4037A3C1B}"
EndProject
Project("{FAE04EC0-301F-11D3-BF4B-00C04F79EFBC}") = "CardmastersOfTamriel.SynthesisPatcher.Common", "CardmastersOfTamriel.SynthesisPatcher.Common\CardmastersOfTamriel.SynthesisPatcher.Common.csproj", "{DD826E00-E0C9-4D4D-9CD8-ACCEB58946AF}"
EndProject
